
Microsoft Visual Studio Solution File, Format Version 12.00
# Visual Studio 15
VisualStudioVersion = 15.0.27130.2024
MinimumVisualStudioVersion = 10.0.40219.1
Project("{9A19103F-16F7-4668-BE54-9A1E7A4F7556}") = "AzureFunctions.Extensions.DependencyInjection", "AzureFunctions.Extensions.DependencyInjection\AzureFunctions.Extensions.DependencyInjection.csproj", "{1FAEB34C-538D-4C3E-87B2-1D7480BF4F93}"
EndProject
Project("{2150E333-8FDC-42A3-9474-1A3956D46DE8}") = "docs", "docs", "{9A0FB8CE-B396-4A67-A1FE-93C3ABF0A858}"
	ProjectSection(SolutionItems) = preProject
		README.md = README.md
	EndProjectSection
EndProject
Project("{2150E333-8FDC-42A3-9474-1A3956D46DE8}") = "licenses", "licenses", "{54764C87-5568-4E4A-9FD0-A3B39A5F02DC}"
	ProjectSection(SolutionItems) = preProject
		licenses\azure-function-dependency-injection.LICENSE = licenses\azure-function-dependency-injection.LICENSE
		licenses\LICENSE = licenses\LICENSE
	EndProjectSection
EndProject
Project("{9A19103F-16F7-4668-BE54-9A1E7A4F7556}") = "FunctionAppSample", "FunctionAppSample\FunctionAppSample.csproj", "{D0488022-01E0-4D2F-813D-6DD2FB48E90A}"
EndProject
Project("{FAE04EC0-301F-11D3-BF4B-00C04F79EFBC}") = "FunctionAppSample.NetStandard", "FunctionAppSample.NetStandard\FunctionAppSample.NetStandard.csproj", "{5D57A3DE-D9BC-4162-ACFA-9EA66841ADCB}"
EndProject
Global
	GlobalSection(SolutionConfigurationPlatforms) = preSolution
		Debug|Any CPU = Debug|Any CPU
		Release|Any CPU = Release|Any CPU
	EndGlobalSection
	GlobalSection(ProjectConfigurationPlatforms) = postSolution
		{1FAEB34C-538D-4C3E-87B2-1D7480BF4F93}.Debug|Any CPU.ActiveCfg = Debug|Any CPU
		{1FAEB34C-538D-4C3E-87B2-1D7480BF4F93}.Debug|Any CPU.Build.0 = Debug|Any CPU
		{1FAEB34C-538D-4C3E-87B2-1D7480BF4F93}.Release|Any CPU.ActiveCfg = Release|Any CPU
		{1FAEB34C-538D-4C3E-87B2-1D7480BF4F93}.Release|Any CPU.Build.0 = Release|Any CPU
		{D0488022-01E0-4D2F-813D-6DD2FB48E90A}.Debug|Any CPU.ActiveCfg = Debug|Any CPU
		{D0488022-01E0-4D2F-813D-6DD2FB48E90A}.Debug|Any CPU.Build.0 = Debug|Any CPU
		{D0488022-01E0-4D2F-813D-6DD2FB48E90A}.Release|Any CPU.ActiveCfg = Release|Any CPU
		{D0488022-01E0-4D2F-813D-6DD2FB48E90A}.Release|Any CPU.Build.0 = Release|Any CPU
		{5D57A3DE-D9BC-4162-ACFA-9EA66841ADCB}.Debug|Any CPU.ActiveCfg = Debug|Any CPU
		{5D57A3DE-D9BC-4162-ACFA-9EA66841ADCB}.Debug|Any CPU.Build.0 = Debug|Any CPU
		{5D57A3DE-D9BC-4162-ACFA-9EA66841ADCB}.Release|Any CPU.ActiveCfg = Release|Any CPU
		{5D57A3DE-D9BC-4162-ACFA-9EA66841ADCB}.Release|Any CPU.Build.0 = Release|Any CPU
	EndGlobalSection
	GlobalSection(SolutionProperties) = preSolution
		HideSolutionNode = FALSE
	EndGlobalSection
	GlobalSection(ExtensibilityGlobals) = postSolution
		SolutionGuid = {4A034650-B1F2-47D4-BA87-A831DDF6FBF4}
	EndGlobalSection
EndGlobal
